{
  "name": "PronoteServer",
  "lockfileVersion": 2,
  "requires": true,
  "packages": {
    "": {
      "name": "PronoteServer",
      "dependencies": {
        "@dorian-eydoux/pronote-api": "^2.3.4",
        "dotenv": "^10.0.0"
      }
    },
    "node_modules/@arr/every": {
      "version": "1.0.1",
      "license": "MIT",
      "engines": {
        "node": ">=4"
      }
    },
    "node_modules/@babel/runtime": {
      "version": "7.16.3",
      "license": "MIT",
      "dependencies": {
        "regenerator-runtime": "^0.13.4"
      },
      "engines": {
        "node": ">=6.9.0"
      }
    },
    "node_modules/@dorian-eydoux/pronote-api": {
      "version": "2.3.4",
      "license": "MIT",
      "dependencies": {
        "axios": "^0.21.1",
        "body-parser": "^1.19.0",
        "graphql": "^15.3.0",
        "jsdom": "^16.5.2",
        "node-forge": "0.6.33",
        "pako": "^1.0.11",
        "polka": "^0.5.2",
        "string-strip-html": "^8.2.9",
        "uuid": "^8.3.0",
        "xxhashjs": "^0.2.2"
      },
      "bin": {
        "pronote-api-server": "bin/server.js",
        "pronote-fetch": "bin/fetch.js"
      },
      "engines": {
        "node": ">=11.14.0"
      }
    },
    "node_modules/@polka/url": {
      "version": "0.5.0",
      "license": "MIT"
    },
    "node_modules/@tootallnate/once": {
      "version": "1.1.2",
      "license": "MIT",
      "engines": {
        "node": ">= 6"
      }
    },
    "node_modules/abab": {
      "version": "2.0.5",
      "license": "BSD-3-Clause"
    },
    "node_modules/acorn": {
      "version": "8.6.0",
      "license": "MIT",
      "bin": {
        "acorn": "bin/acorn"
      },
      "engines": {
        "node": ">=0.4.0"
      }
    },
    "node_modules/acorn-globals": {
      "version": "6.0.0",
      "license": "MIT",
      "dependencies": {
        "acorn": "^7.1.1",
        "acorn-walk": "^7.1.1"
      }
    },
    "node_modules/acorn-globals/node_modules/acorn": {
      "version": "7.4.1",
      "license": "MIT",
      "bin": {
        "acorn": "bin/acorn"
      },
      "engines": {
        "node": ">=0.4.0"
      }
    },
    "node_modules/acorn-walk": {
      "version": "7.2.0",
      "license": "MIT",
      "engines": {
        "node": ">=0.4.0"
      }
    },
    "node_modules/agent-base": {
      "version": "6.0.2",
      "license": "MIT",
      "dependencies": {
        "debug": "4"
      },
      "engines": {
        "node": ">= 6.0.0"
      }
    },
    "node_modules/agent-base/node_modules/debug": {
      "version": "4.3.2",
      "license": "MIT",
      "dependencies": {
        "ms": "2.1.2"
      },
      "engines": {
        "node": ">=6.0"
      },
      "peerDependenciesMeta": {
        "supports-color": {
          "optional": true
        }
      }
    },
    "node_modules/asynckit": {
      "version": "0.4.0",
      "license": "MIT"
    },
    "node_modules/axios": {
      "version": "0.21.4",
      "license": "MIT",
      "dependencies": {
        "follow-redirects": "^1.14.0"
      }
    },
    "node_modules/body-parser": {
      "version": "1.19.0",
      "license": "MIT",
      "dependencies": {
        "bytes": "3.1.0",
        "content-type": "~1.0.4",
        "debug": "2.6.9",
        "depd": "~1.1.2",
        "http-errors": "1.7.2",
        "iconv-lite": "0.4.24",
        "on-finished": "~2.3.0",
        "qs": "6.7.0",
        "raw-body": "2.4.0",
        "type-is": "~1.6.17"
      },
      "engines": {
        "node": ">= 0.8"
      }
    },
    "node_modules/browser-process-hrtime": {
      "version": "1.0.0",
      "license": "BSD-2-Clause"
    },
    "node_modules/bytes": {
      "version": "3.1.0",
      "license": "MIT",
      "engines": {
        "node": ">= 0.8"
      }
    },
    "node_modules/combined-stream": {
      "version": "1.0.8",
      "license": "MIT",
      "dependencies": {
        "delayed-stream": "~1.0.0"
      },
      "engines": {
        "node": ">= 0.8"
      }
    },
    "node_modules/content-type": {
      "version": "1.0.4",
      "license": "MIT",
      "engines": {
        "node": ">= 0.6"
      }
    },
    "node_modules/cssom": {
      "version": "0.4.4",
      "license": "MIT"
    },
    "node_modules/cssstyle": {
      "version": "2.3.0",
      "license": "MIT",
      "dependencies": {
        "cssom": "~0.3.6"
      },
      "engines": {
        "node": ">=8"
      }
    },
    "node_modules/cssstyle/node_modules/cssom": {
      "version": "0.3.8",
      "license": "MIT"
    },
    "node_modules/cuint": {
      "version": "0.2.2",
      "license": "MIT"
    },
    "node_modules/data-urls": {
      "version": "2.0.0",
      "license": "MIT",
      "dependencies": {
        "abab": "^2.0.3",
        "whatwg-mimetype": "^2.3.0",
        "whatwg-url": "^8.0.0"
      },
      "engines": {
        "node": ">=10"
      }
    },
    "node_modules/debug": {
      "version": "2.6.9",
      "license": "MIT",
      "dependencies": {
        "ms": "2.0.0"
      }
    },
    "node_modules/decimal.js": {
      "version": "10.3.1",
      "license": "MIT"
    },
    "node_modules/deep-is": {
      "version": "0.1.4",
      "license": "MIT"
    },
    "node_modules/delayed-stream": {
      "version": "1.0.0",
      "license": "MIT",
      "engines": {
        "node": ">=0.4.0"
      }
    },
    "node_modules/depd": {
      "version": "1.1.2",
      "license": "MIT",
      "engines": {
        "node": ">= 0.6"
      }
    },
    "node_modules/domexception": {
      "version": "2.0.1",
      "license": "MIT",
      "dependencies": {
        "webidl-conversions": "^5.0.0"
      },
      "engines": {
        "node": ">=8"
      }
    },
    "node_modules/domexception/node_modules/webidl-conversions": {
      "version": "5.0.0",
      "license": "BSD-2-Clause",
      "engines": {
        "node": ">=8"
      }
    },
    "node_modules/dotenv": {
      "version": "10.0.0",
      "license": "BSD-2-Clause",
      "engines": {
        "node": ">=10"
      }
    },
    "node_modules/ee-first": {
      "version": "1.1.1",
      "license": "MIT"
    },
    "node_modules/escodegen": {
      "version": "2.0.0",
      "license": "BSD-2-Clause",
      "dependencies": {
        "esprima": "^4.0.1",
        "estraverse": "^5.2.0",
        "esutils": "^2.0.2",
        "optionator": "^0.8.1"
      },
      "bin": {
        "escodegen": "bin/escodegen.js",
        "esgenerate": "bin/esgenerate.js"
      },
      "engines": {
        "node": ">=6.0"
      },
      "optionalDependencies": {
        "source-map": "~0.6.1"
      }
    },
    "node_modules/esprima": {
      "version": "4.0.1",
      "license": "BSD-2-Clause",
      "bin": {
        "esparse": "bin/esparse.js",
        "esvalidate": "bin/esvalidate.js"
      },
      "engines": {
        "node": ">=4"
      }
    },
    "node_modules/estraverse": {
      "version": "5.3.0",
      "license": "BSD-2-Clause",
      "engines": {
        "node": ">=4.0"
      }
    },
    "node_modules/esutils": {
      "version": "2.0.3",
      "license": "BSD-2-Clause",
      "engines": {
        "node": ">=0.10.0"
      }
    },
    "node_modules/fast-levenshtein": {
      "version": "2.0.6",
      "license": "MIT"
    },
    "node_modules/follow-redirects": {
      "version": "1.14.7",
      "resolved": "https://registry.npmjs.org/follow-redirects/-/follow-redirects-1.14.7.tgz",
      "integrity": "sha512-+hbxoLbFMbRKDwohX8GkTataGqO6Jb7jGwpAlwgy2bIz25XtRm7KEzJM76R1WiNT5SwZkX4Y75SwBolkpmE7iQ==",
      "funding": [
        {
          "type": "individual",
          "url": "https://github.com/sponsors/RubenVerborgh"
        }
      ],
      "engines": {
        "node": ">=4.0"
      },
      "peerDependenciesMeta": {
        "debug": {
          "optional": true
        }
      }
    },
    "node_modules/form-data": {
      "version": "3.0.1",
      "license": "MIT",
      "dependencies": {
        "asynckit": "^0.4.0",
        "combined-stream": "^1.0.8",
        "mime-types": "^2.1.12"
      },
      "engines": {
        "node": ">= 6"
      }
    },
    "node_modules/graphql": {
      "version": "15.7.2",
      "license": "MIT",
      "engines": {
        "node": ">= 10.x"
      }
    },
    "node_modules/html-encoding-sniffer": {
      "version": "2.0.1",
      "license": "MIT",
      "dependencies": {
        "whatwg-encoding": "^1.0.5"
      },
      "engines": {
        "node": ">=10"
      }
    },
    "node_modules/html-entities": {
      "version": "2.3.2",
      "license": "MIT"
    },
    "node_modules/http-errors": {
      "version": "1.7.2",
      "license": "MIT",
      "dependencies": {
        "depd": "~1.1.2",
        "inherits": "2.0.3",
        "setprototypeof": "1.1.1",
        "statuses": ">= 1.5.0 < 2",
        "toidentifier": "1.0.0"
      },
      "engines": {
        "node": ">= 0.6"
      }
    },
    "node_modules/http-proxy-agent": {
      "version": "4.0.1",
      "license": "MIT",
      "dependencies": {
        "@tootallnate/once": "1",
        "agent-base": "6",
        "debug": "4"
      },
      "engines": {
        "node": ">= 6"
      }
    },
    "node_modules/http-proxy-agent/node_modules/debug": {
      "version": "4.3.2",
      "license": "MIT",
      "dependencies": {
        "ms": "2.1.2"
      },
      "engines": {
        "node": ">=6.0"
      },
      "peerDependenciesMeta": {
        "supports-color": {
          "optional": true
        }
      }
    },
    "node_modules/http-proxy-agent/node_modules/ms": {
      "version": "2.1.2",
      "license": "MIT"
    },
    "node_modules/https-proxy-agent": {
      "version": "5.0.0",
      "license": "MIT",
      "dependencies": {
        "agent-base": "6",
        "debug": "4"
      },
      "engines": {
        "node": ">= 6"
      }
    },
    "node_modules/https-proxy-agent/node_modules/debug": {
      "version": "4.3.2",
      "license": "MIT",
      "dependencies": {
        "ms": "2.1.2"
      },
      "engines": {
        "node": ">=6.0"
      },
      "peerDependenciesMeta": {
        "supports-color": {
          "optional": true
        }
      }
    },
    "node_modules/https-proxy-agent/node_modules/ms": {
      "version": "2.1.2",
      "license": "MIT"
    },
    "node_modules/iconv-lite": {
      "version": "0.4.24",
      "license": "MIT",
      "dependencies": {
        "safer-buffer": ">= 2.1.2 < 3"
      },
      "engines": {
        "node": ">=0.10.0"
      }
    },
    "node_modules/inherits": {
      "version": "2.0.3",
      "license": "ISC"
    },
    "node_modules/is-potential-custom-element-name": {
      "version": "1.0.1",
      "license": "MIT"
    },
    "node_modules/jsdom": {
      "version": "16.7.0",
      "license": "MIT",
      "dependencies": {
        "abab": "^2.0.5",
        "acorn": "^8.2.4",
        "acorn-globals": "^6.0.0",
        "cssom": "^0.4.4",
        "cssstyle": "^2.3.0",
        "data-urls": "^2.0.0",
        "decimal.js": "^10.2.1",
        "domexception": "^2.0.1",
        "escodegen": "^2.0.0",
        "form-data": "^3.0.0",
        "html-encoding-sniffer": "^2.0.1",
        "http-proxy-agent": "^4.0.1",
        "https-proxy-agent": "^5.0.0",
        "is-potential-custom-element-name": "^1.0.1",
        "nwsapi": "^2.2.0",
        "parse5": "6.0.1",
        "saxes": "^5.0.1",
        "symbol-tree": "^3.2.4",
        "tough-cookie": "^4.0.0",
        "w3c-hr-time": "^1.0.2",
        "w3c-xmlserializer": "^2.0.0",
        "webidl-conversions": "^6.1.0",
        "whatwg-encoding": "^1.0.5",
        "whatwg-mimetype": "^2.3.0",
        "whatwg-url": "^8.5.0",
        "ws": "^7.4.6",
        "xml-name-validator": "^3.0.0"
      },
      "engines": {
        "node": ">=10"
      },
      "peerDependencies": {
        "canvas": "^2.5.0"
      },
      "peerDependenciesMeta": {
        "canvas": {
          "optional": true
        }
      }
    },
    "node_modules/levn": {
      "version": "0.3.0",
      "license": "MIT",
      "dependencies": {
        "prelude-ls": "~1.1.2",
        "type-check": "~0.3.2"
      },
      "engines": {
        "node": ">= 0.8.0"
      }
    },
    "node_modules/lodash": {
      "version": "4.17.21",
      "license": "MIT"
    },
    "node_modules/lodash.clonedeep": {
      "version": "4.5.0",
      "license": "MIT"
    },
    "node_modules/lodash.isplainobject": {
      "version": "4.0.6",
      "license": "MIT"
    },
    "node_modules/lodash.trim": {
      "version": "4.5.1",
      "license": "MIT"
    },
    "node_modules/lodash.without": {
      "version": "4.4.0",
      "license": "MIT"
    },
    "node_modules/matchit": {
      "version": "1.1.0",
      "license": "MIT",
      "dependencies": {
        "@arr/every": "^1.0.0"
      },
      "engines": {
        "node": ">=6"
      }
    },
    "node_modules/media-typer": {
      "version": "0.3.0",
      "license": "MIT",
      "engines": {
        "node": ">= 0.6"
      }
    },
    "node_modules/mime-db": {
      "version": "1.51.0",
      "license": "MIT",
      "engines": {
        "node": ">= 0.6"
      }
    },
    "node_modules/mime-types": {
      "version": "2.1.34",
      "license": "MIT",
      "dependencies": {
        "mime-db": "1.51.0"
      },
      "engines": {
        "node": ">= 0.6"
      }
    },
    "node_modules/ms": {
      "version": "2.0.0",
      "license": "MIT"
    },
    "node_modules/node-forge": {
      "version": "0.6.33",
      "engines": {
        "node": "*"
      }
    },
    "node_modules/nwsapi": {
      "version": "2.2.0",
      "license": "MIT"
    },
    "node_modules/on-finished": {
      "version": "2.3.0",
      "license": "MIT",
      "dependencies": {
        "ee-first": "1.1.1"
      },
      "engines": {
        "node": ">= 0.8"
      }
    },
    "node_modules/optionator": {
      "version": "0.8.3",
      "license": "MIT",
      "dependencies": {
        "deep-is": "~0.1.3",
        "fast-levenshtein": "~2.0.6",
        "levn": "~0.3.0",
        "prelude-ls": "~1.1.2",
        "type-check": "~0.3.2",
        "word-wrap": "~1.2.3"
      },
      "engines": {
        "node": ">= 0.8.0"
      }
    },
    "node_modules/pako": {
      "version": "1.0.11",
      "license": "(MIT AND Zlib)"
    },
    "node_modules/parse5": {
      "version": "6.0.1",
      "license": "MIT"
    },
    "node_modules/polka": {
      "version": "0.5.2",
      "license": "MIT",
      "dependencies": {
        "@polka/url": "^0.5.0",
        "trouter": "^2.0.1"
      }
    },
    "node_modules/prelude-ls": {
      "version": "1.1.2",
      "engines": {
        "node": ">= 0.8.0"
      }
    },
    "node_modules/psl": {
      "version": "1.8.0",
      "license": "MIT"
    },
    "node_modules/punycode": {
      "version": "2.1.1",
      "license": "MIT",
      "engines": {
        "node": ">=6"
      }
    },
    "node_modules/qs": {
      "version": "6.7.0",
      "license": "BSD-3-Clause",
      "engines": {
        "node": ">=0.6"
      }
    },
    "node_modules/ranges-apply": {
      "version": "5.1.0",
      "license": "MIT",
      "dependencies": {
        "@babel/runtime": "^7.14.0",
        "ranges-merge": "^7.1.0"
      }
    },
    "node_modules/ranges-merge": {
      "version": "7.1.0",
      "license": "MIT",
      "dependencies": {
        "@babel/runtime": "^7.14.0",
        "ranges-push": "^5.1.0",
        "ranges-sort": "^4.1.0"
      }
    },
    "node_modules/ranges-push": {
      "version": "5.1.0",
      "license": "MIT",
      "dependencies": {
        "@babel/runtime": "^7.14.0",
        "ranges-merge": "^7.1.0",
        "string-collapse-leading-whitespace": "^5.1.0",
        "string-trim-spaces-only": "^3.1.0"
      }
    },
    "node_modules/ranges-sort": {
      "version": "4.1.0",
      "license": "MIT",
      "dependencies": {
        "@babel/runtime": "^7.14.0"
      }
    },
    "node_modules/raw-body": {
      "version": "2.4.0",
      "license": "MIT",
      "dependencies": {
        "bytes": "3.1.0",
        "http-errors": "1.7.2",
        "iconv-lite": "0.4.24",
        "unpipe": "1.0.0"
      },
      "engines": {
        "node": ">= 0.8"
      }
    },
    "node_modules/regenerator-runtime": {
      "version": "0.13.9",
      "license": "MIT"
    },
    "node_modules/safer-buffer": {
      "version": "2.1.2",
      "license": "MIT"
    },
    "node_modules/saxes": {
      "version": "5.0.1",
      "license": "ISC",
      "dependencies": {
        "xmlchars": "^2.2.0"
      },
      "engines": {
        "node": ">=10"
      }
    },
    "node_modules/setprototypeof": {
      "version": "1.1.1",
      "license": "ISC"
    },
    "node_modules/source-map": {
      "version": "0.6.1",
      "license": "BSD-3-Clause",
      "optional": true,
      "engines": {
        "node": ">=0.10.0"
      }
    },
    "node_modules/statuses": {
      "version": "1.5.0",
      "license": "MIT",
      "engines": {
        "node": ">= 0.6"
      }
    },
    "node_modules/string-collapse-leading-whitespace": {
      "version": "5.1.0",
      "license": "MIT",
      "dependencies": {
        "@babel/runtime": "^7.14.0"
      }
    },
    "node_modules/string-left-right": {
      "version": "4.1.0",
      "license": "MIT",
      "dependencies": {
        "@babel/runtime": "^7.14.0",
        "lodash.clonedeep": "^4.5.0",
        "lodash.isplainobject": "^4.0.6"
      }
    },
    "node_modules/string-strip-html": {
      "version": "8.3.0",
      "license": "MIT",
      "dependencies": {
        "@babel/runtime": "^7.14.0",
        "html-entities": "^2.3.2",
        "lodash.isplainobject": "^4.0.6",
        "lodash.trim": "^4.5.1",
        "lodash.without": "^4.4.0",
        "ranges-apply": "^5.1.0",
        "ranges-push": "^5.1.0",
        "string-left-right": "^4.1.0"
      }
    },
    "node_modules/string-trim-spaces-only": {
      "version": "3.1.0",
      "license": "MIT",
      "dependencies": {
        "@babel/runtime": "^7.14.0"
      }
    },
    "node_modules/symbol-tree": {
      "version": "3.2.4",
      "license": "MIT"
    },
    "node_modules/toidentifier": {
      "version": "1.0.0",
      "license": "MIT",
      "engines": {
        "node": ">=0.6"
      }
    },
    "node_modules/tough-cookie": {
      "version": "4.0.0",
      "license": "BSD-3-Clause",
      "dependencies": {
        "psl": "^1.1.33",
        "punycode": "^2.1.1",
        "universalify": "^0.1.2"
      },
      "engines": {
        "node": ">=6"
      }
    },
    "node_modules/tr46": {
      "version": "2.1.0",
      "license": "MIT",
      "dependencies": {
        "punycode": "^2.1.1"
      },
      "engines": {
        "node": ">=8"
      }
    },
    "node_modules/trouter": {
      "version": "2.0.1",
      "license": "MIT",
      "dependencies": {
        "matchit": "^1.0.0"
      },
      "engines": {
        "node": ">=6"
      }
    },
    "node_modules/type-check": {
      "version": "0.3.2",
      "license": "MIT",
      "dependencies": {
        "prelude-ls": "~1.1.2"
      },
      "engines": {
        "node": ">= 0.8.0"
      }
    },
    "node_modules/type-is": {
      "version": "1.6.18",
      "license": "MIT",
      "dependencies": {
        "media-typer": "0.3.0",
        "mime-types": "~2.1.24"
      },
      "engines": {
        "node": ">= 0.6"
      }
    },
    "node_modules/universalify": {
      "version": "0.1.2",
      "license": "MIT",
      "engines": {
        "node": ">= 4.0.0"
      }
    },
    "node_modules/unpipe": {
      "version": "1.0.0",
      "license": "MIT",
      "engines": {
        "node": ">= 0.8"
      }
    },
    "node_modules/uuid": {
      "version": "8.3.2",
      "license": "MIT",
      "bin": {
        "uuid": "dist/bin/uuid"
      }
    },
    "node_modules/w3c-hr-time": {
      "version": "1.0.2",
      "license": "MIT",
      "dependencies": {
        "browser-process-hrtime": "^1.0.0"
      }
    },
    "node_modules/w3c-xmlserializer": {
      "version": "2.0.0",
      "license": "MIT",
      "dependencies": {
        "xml-name-validator": "^3.0.0"
      },
      "engines": {
        "node": ">=10"
      }
    },
    "node_modules/webidl-conversions": {
      "version": "6.1.0",
      "license": "BSD-2-Clause",
      "engines": {
        "node": ">=10.4"
      }
    },
    "node_modules/whatwg-encoding": {
      "version": "1.0.5",
      "license": "MIT",
      "dependencies": {
        "iconv-lite": "0.4.24"
      }
    },
    "node_modules/whatwg-mimetype": {
      "version": "2.3.0",
      "license": "MIT"
    },
    "node_modules/whatwg-url": {
      "version": "8.7.0",
      "license": "MIT",
      "dependencies": {
        "lodash": "^4.7.0",
        "tr46": "^2.1.0",
        "webidl-conversions": "^6.1.0"
      },
      "engines": {
        "node": ">=10"
      }
    },
    "node_modules/word-wrap": {
      "version": "1.2.3",
      "license": "MIT",
      "engines": {
        "node": ">=0.10.0"
      }
    },
    "node_modules/ws": {
      "version": "7.5.6",
      "license": "MIT",
      "engines": {
        "node": ">=8.3.0"
      },
      "peerDependencies": {
        "bufferutil": "^4.0.1",
        "utf-8-validate": "^5.0.2"
      },
      "peerDependenciesMeta": {
        "bufferutil": {
          "optional": true
        },
        "utf-8-validate": {
          "optional": true
        }
      }
    },
    "node_modules/xml-name-validator": {
      "version": "3.0.0",
      "license": "Apache-2.0"
    },
    "node_modules/xmlchars": {
      "version": "2.2.0",
      "license": "MIT"
    },
    "node_modules/xxhashjs": {
      "version": "0.2.2",
      "license": "MIT",
      "dependencies": {
        "cuint": "^0.2.2"
      }
    }
  },
  "dependencies": {
    "@arr/every": {
      "version": "1.0.1"
    },
    "@babel/runtime": {
      "version": "7.16.3",
      "requires": {
        "regenerator-runtime": "^0.13.4"
      }
    },
    "@dorian-eydoux/pronote-api": {
      "version": "2.3.4",
      "requires": {
        "axios": "^0.21.1",
        "body-parser": "^1.19.0",
        "graphql": "^15.3.0",
        "jsdom": "^16.5.2",
        "node-forge": "0.6.33",
        "pako": "^1.0.11",
        "polka": "^0.5.2",
        "string-strip-html": "^8.2.9",
        "uuid": "^8.3.0",
        "xxhashjs": "^0.2.2"
      }
    },
    "@polka/url": {
      "version": "0.5.0"
    },
    "@tootallnate/once": {
      "version": "1.1.2"
    },
    "abab": {
      "version": "2.0.5"
    },
    "acorn": {
      "version": "8.6.0"
    },
    "acorn-globals": {
      "version": "6.0.0",
      "requires": {
        "acorn": "^7.1.1",
        "acorn-walk": "^7.1.1"
      },
      "dependencies": {
        "acorn": {
          "version": "7.4.1"
        }
      }
    },
    "acorn-walk": {
      "version": "7.2.0"
    },
    "agent-base": {
      "version": "6.0.2",
      "requires": {
        "debug": "4"
      },
      "dependencies": {
        "debug": {
          "version": "4.3.2",
          "requires": {
            "ms": "2.1.2"
          }
        }
      }
    },
    "asynckit": {
      "version": "0.4.0"
    },
    "axios": {
      "version": "0.21.4",
      "requires": {
        "follow-redirects": "^1.14.0"
      }
    },
    "body-parser": {
      "version": "1.19.0",
      "requires": {
        "bytes": "3.1.0",
        "content-type": "~1.0.4",
        "debug": "2.6.9",
        "depd": "~1.1.2",
        "http-errors": "1.7.2",
        "iconv-lite": "0.4.24",
        "on-finished": "~2.3.0",
        "qs": "6.7.0",
        "raw-body": "2.4.0",
        "type-is": "~1.6.17"
      }
    },
    "browser-process-hrtime": {
      "version": "1.0.0"
    },
    "bytes": {
      "version": "3.1.0"
    },
    "combined-stream": {
      "version": "1.0.8",
      "requires": {
        "delayed-stream": "~1.0.0"
      }
    },
    "content-type": {
      "version": "1.0.4"
    },
    "cssom": {
      "version": "0.4.4"
    },
    "cssstyle": {
      "version": "2.3.0",
      "requires": {
        "cssom": "~0.3.6"
      },
      "dependencies": {
        "cssom": {
          "version": "0.3.8"
        }
      }
    },
    "cuint": {
      "version": "0.2.2"
    },
    "data-urls": {
      "version": "2.0.0",
      "requires": {
        "abab": "^2.0.3",
        "whatwg-mimetype": "^2.3.0",
        "whatwg-url": "^8.0.0"
      }
    },
    "debug": {
      "version": "2.6.9",
      "requires": {
        "ms": "2.0.0"
      }
    },
    "decimal.js": {
      "version": "10.3.1"
    },
    "deep-is": {
      "version": "0.1.4"
    },
    "delayed-stream": {
      "version": "1.0.0"
    },
    "depd": {
      "version": "1.1.2"
    },
    "domexception": {
      "version": "2.0.1",
      "requires": {
        "webidl-conversions": "^5.0.0"
      },
      "dependencies": {
        "webidl-conversions": {
          "version": "5.0.0"
        }
      }
    },
    "dotenv": {
      "version": "10.0.0"
    },
    "ee-first": {
      "version": "1.1.1"
    },
    "escodegen": {
      "version": "2.0.0",
      "requires": {
        "esprima": "^4.0.1",
        "estraverse": "^5.2.0",
        "esutils": "^2.0.2",
        "optionator": "^0.8.1",
        "source-map": "~0.6.1"
      }
    },
    "esprima": {
      "version": "4.0.1"
    },
    "estraverse": {
      "version": "5.3.0"
    },
    "esutils": {
      "version": "2.0.3"
    },
    "fast-levenshtein": {
      "version": "2.0.6"
    },
    "follow-redirects": {
      "version": "1.14.7",
      "resolved": "https://registry.npmjs.org/follow-redirects/-/follow-redirects-1.14.7.tgz",
      "integrity": "sha512-+hbxoLbFMbRKDwohX8GkTataGqO6Jb7jGwpAlwgy2bIz25XtRm7KEzJM76R1WiNT5SwZkX4Y75SwBolkpmE7iQ=="
    },
    "form-data": {
      "version": "3.0.1",
      "requires": {
        "asynckit": "^0.4.0",
        "combined-stream": "^1.0.8",
        "mime-types": "^2.1.12"
      }
    },
    "graphql": {
      "version": "15.7.2"
    },
    "html-encoding-sniffer": {
      "version": "2.0.1",
      "requires": {
        "whatwg-encoding": "^1.0.5"
      }
    },
    "html-entities": {
      "version": "2.3.2"
    },
    "http-errors": {
      "version": "1.7.2",
      "requires": {
        "depd": "~1.1.2",
        "inherits": "2.0.3",
        "setprototypeof": "1.1.1",
        "statuses": ">= 1.5.0 < 2",
        "toidentifier": "1.0.0"
      }
    },
    "http-proxy-agent": {
      "version": "4.0.1",
      "requires": {
        "@tootallnate/once": "1",
        "agent-base": "6",
        "debug": "4"
      },
      "dependencies": {
        "debug": {
          "version": "4.3.2",
          "requires": {
            "ms": "2.1.2"
          }
        },
        "ms": {
          "version": "2.1.2"
        }
      }
    },
    "https-proxy-agent": {
      "version": "5.0.0",
      "requires": {
        "agent-base": "6",
        "debug": "4"
      },
      "dependencies": {
        "debug": {
          "version": "4.3.2",
          "requires": {
            "ms": "2.1.2"
          }
        },
        "ms": {
          "version": "2.1.2"
        }
      }
    },
    "iconv-lite": {
      "version": "0.4.24",
      "requires": {
        "safer-buffer": ">= 2.1.2 < 3"
      }
    },
    "inherits": {
      "version": "2.0.3"
    },
    "is-potential-custom-element-name": {
      "version": "1.0.1"
    },
    "jsdom": {
      "version": "16.7.0",
      "requires": {
        "abab": "^2.0.5",
        "acorn": "^8.2.4",
        "acorn-globals": "^6.0.0",
        "cssom": "^0.4.4",
        "cssstyle": "^2.3.0",
        "data-urls": "^2.0.0",
        "decimal.js": "^10.2.1",
        "domexception": "^2.0.1",
        "escodegen": "^2.0.0",
        "form-data": "^3.0.0",
        "html-encoding-sniffer": "^2.0.1",
        "http-proxy-agent": "^4.0.1",
        "https-proxy-agent": "^5.0.0",
        "is-potential-custom-element-name": "^1.0.1",
        "nwsapi": "^2.2.0",
        "parse5": "6.0.1",
        "saxes": "^5.0.1",
        "symbol-tree": "^3.2.4",
        "tough-cookie": "^4.0.0",
        "w3c-hr-time": "^1.0.2",
        "w3c-xmlserializer": "^2.0.0",
        "webidl-conversions": "^6.1.0",
        "whatwg-encoding": "^1.0.5",
        "whatwg-mimetype": "^2.3.0",
        "whatwg-url": "^8.5.0",
        "ws": "^7.4.6",
        "xml-name-validator": "^3.0.0"
      }
    },
    "levn": {
      "version": "0.3.0",
      "requires": {
        "prelude-ls": "~1.1.2",
        "type-check": "~0.3.2"
      }
    },
    "lodash": {
      "version": "4.17.21"
    },
    "lodash.clonedeep": {
      "version": "4.5.0"
    },
    "lodash.isplainobject": {
      "version": "4.0.6"
    },
    "lodash.trim": {
      "version": "4.5.1"
    },
    "lodash.without": {
      "version": "4.4.0"
    },
    "matchit": {
      "version": "1.1.0",
      "requires": {
        "@arr/every": "^1.0.0"
      }
    },
    "media-typer": {
      "version": "0.3.0"
    },
    "mime-db": {
      "version": "1.51.0"
    },
    "mime-types": {
      "version": "2.1.34",
      "requires": {
        "mime-db": "1.51.0"
      }
    },
    "ms": {
      "version": "2.0.0"
    },
    "node-forge": {
      "version": "0.6.33"
    },
    "nwsapi": {
      "version": "2.2.0"
    },
    "on-finished": {
      "version": "2.3.0",
      "requires": {
        "ee-first": "1.1.1"
      }
    },
    "optionator": {
      "version": "0.8.3",
      "requires": {
        "deep-is": "~0.1.3",
        "fast-levenshtein": "~2.0.6",
        "levn": "~0.3.0",
        "prelude-ls": "~1.1.2",
        "type-check": "~0.3.2",
        "word-wrap": "~1.2.3"
      }
    },
    "pako": {
      "version": "1.0.11"
    },
    "parse5": {
      "version": "6.0.1"
    },
    "polka": {
      "version": "0.5.2",
      "requires": {
        "@polka/url": "^0.5.0",
        "trouter": "^2.0.1"
      }
    },
    "prelude-ls": {
      "version": "1.1.2"
    },
    "psl": {
      "version": "1.8.0"
    },
    "punycode": {
      "version": "2.1.1"
    },
    "qs": {
      "version": "6.7.0"
    },
    "ranges-apply": {
      "version": "5.1.0",
      "requires": {
        "@babel/runtime": "^7.14.0",
        "ranges-merge": "^7.1.0"
      }
    },
    "ranges-merge": {
      "version": "7.1.0",
      "requires": {
        "@babel/runtime": "^7.14.0",
        "ranges-push": "^5.1.0",
        "ranges-sort": "^4.1.0"
      }
    },
    "ranges-push": {
      "version": "5.1.0",
      "requires": {
        "@babel/runtime": "^7.14.0",
        "ranges-merge": "^7.1.0",
        "string-collapse-leading-whitespace": "^5.1.0",
        "string-trim-spaces-only": "^3.1.0"
      }
    },
    "ranges-sort": {
      "version": "4.1.0",
      "requires": {
        "@babel/runtime": "^7.14.0"
      }
    },
    "raw-body": {
      "version": "2.4.0",
      "requires": {
        "bytes": "3.1.0",
        "http-errors": "1.7.2",
        "iconv-lite": "0.4.24",
        "unpipe": "1.0.0"
      }
    },
    "regenerator-runtime": {
      "version": "0.13.9"
    },
    "safer-buffer": {
      "version": "2.1.2"
    },
    "saxes": {
      "version": "5.0.1",
      "requires": {
        "xmlchars": "^2.2.0"
      }
    },
    "setprototypeof": {
      "version": "1.1.1"
    },
    "source-map": {
      "version": "0.6.1",
      "optional": true
    },
    "statuses": {
      "version": "1.5.0"
    },
    "string-collapse-leading-whitespace": {
      "version": "5.1.0",
      "requires": {
        "@babel/runtime": "^7.14.0"
      }
    },
    "string-left-right": {
      "version": "4.1.0",
      "requires": {
        "@babel/runtime": "^7.14.0",
        "lodash.clonedeep": "^4.5.0",
        "lodash.isplainobject": "^4.0.6"
      }
    },
    "string-strip-html": {
      "version": "8.3.0",
      "requires": {
        "@babel/runtime": "^7.14.0",
        "html-entities": "^2.3.2",
        "lodash.isplainobject": "^4.0.6",
        "lodash.trim": "^4.5.1",
        "lodash.without": "^4.4.0",
        "ranges-apply": "^5.1.0",
        "ranges-push": "^5.1.0",
        "string-left-right": "^4.1.0"
      }
    },
    "string-trim-spaces-only": {
      "version": "3.1.0",
      "requires": {
        "@babel/runtime": "^7.14.0"
      }
    },
    "symbol-tree": {
      "version": "3.2.4"
    },
    "toidentifier": {
      "version": "1.0.0"
    },
    "tough-cookie": {
      "version": "4.0.0",
      "requires": {
        "psl": "^1.1.33",
        "punycode": "^2.1.1",
        "universalify": "^0.1.2"
      }
    },
    "tr46": {
      "version": "2.1.0",
      "requires": {
        "punycode": "^2.1.1"
      }
    },
    "trouter": {
      "version": "2.0.1",
      "requires": {
        "matchit": "^1.0.0"
      }
    },
    "type-check": {
      "version": "0.3.2",
      "requires": {
        "prelude-ls": "~1.1.2"
      }
    },
    "type-is": {
      "version": "1.6.18",
      "requires": {
        "media-typer": "0.3.0",
        "mime-types": "~2.1.24"
      }
    },
    "universalify": {
      "version": "0.1.2"
    },
    "unpipe": {
      "version": "1.0.0"
    },
    "uuid": {
      "version": "8.3.2"
    },
    "w3c-hr-time": {
      "version": "1.0.2",
      "requires": {
        "browser-process-hrtime": "^1.0.0"
      }
    },
    "w3c-xmlserializer": {
      "version": "2.0.0",
      "requires": {
        "xml-name-validator": "^3.0.0"
      }
    },
    "webidl-conversions": {
      "version": "6.1.0"
    },
    "whatwg-encoding": {
      "version": "1.0.5",
      "requires": {
        "iconv-lite": "0.4.24"
      }
    },
    "whatwg-mimetype": {
      "version": "2.3.0"
    },
    "whatwg-url": {
      "version": "8.7.0",
      "requires": {
        "lodash": "^4.7.0",
        "tr46": "^2.1.0",
        "webidl-conversions": "^6.1.0"
      }
    },
    "word-wrap": {
      "version": "1.2.3"
    },
    "ws": {
      "version": "7.5.6",
      "requires": {}
    },
    "xml-name-validator": {
      "version": "3.0.0"
    },
    "xmlchars": {
      "version": "2.2.0"
    },
    "xxhashjs": {
      "version": "0.2.2",
      "requires": {
        "cuint": "^0.2.2"
      }
    }
  }
}
